<?xml version="1.0" encoding="utf-8"?>
<Project ToolsVersion="4.0" xmlns="http://schemas.microsoft.com/developer/msbuild/2003">
  <ItemGroup>
    <Filter Include="Source Files">
      <UniqueIdentifier>{4FC737F1-C7A5-4376-A066-2A32D752A2FF}</UniqueIdentifier>
      <Extensions>cpp;c;cc;cxx;def;odl;idl;hpj;bat;asm;asmx</Extensions>
    </Filter>
    <Filter Include="Source Files\emulator">
      <UniqueIdentifier>{9d3770d4-6630-4bb4-b3a5-5d639634a17a}</UniqueIdentifier>
    </Filter>
    <Filter Include="Source Files\Header Files">
      <UniqueIdentifier>{a9f597ec-bc57-4eda-87c5-85b54d5e4b50}</UniqueIdentifier>
    </Filter>
    <Filter Include="Header Files">
      <UniqueIdentifier>{93995380-89BD-4b04-88EB-625FBE52EBFB}</UniqueIdentifier>
      <Extensions>h;hpp;hxx;hm;inl;inc;xsd</Extensions>
    </Filter>
    <Filter Include="Header Files\emulator">
      <UniqueIdentifier>{66530860-d95e-4ac0-8810-223c4f02b331}</UniqueIdentifier>
    </Filter>
    <Filter Include="Resource Files">
      <UniqueIdentifier>{67DA6AB6-F800-4c08-8B7A-83BB121AAD01}</UniqueIdentifier>
      <Extensions>rc;ico;cur;bmp;dlg;rc2;rct;bin;rgs;gif;jpg;jpeg;jpe;resx;tiff;tif;png;wav</Extensions>
    </Filter>
  </ItemGroup>
  <ItemGroup>
    <ClCompile Include="source\BearerManager.cpp">
      <Filter>Source Files</Filter>
    </ClCompile>
    <ClCompile Include="..\NetworkManager\source\Ether_NM.cpp">
      <Filter>Source Files</Filter>
    </ClCompile>
    <ClCompile Include="..\NetworkManager\source\LTE_NM.cpp">
      <Filter>Source Files</Filter>
    </ClCompile>
    <ClCompile Include="..\NetworkManager\source\NetworkManager.cpp">
      <Filter>Source Files</Filter>
    </ClCompile>
    <ClCompile Include="..\DAL\source\Three_g_dal.cpp">
      <Filter>Source Files</Filter>
    </ClCompile>
    <ClCompile Include="..\NetworkManager\source\ThreeG_NM.cpp">
      <Filter>Source Files</Filter>
    </ClCompile>
    <ClCompile Include="..\DAL\source\ThreeGParser.cpp">
      <Filter>Source Files</Filter>
    </ClCompile>
    <ClCompile Include="..\DAL\source\UAltairParser.cpp">
      <Filter>Source Files</Filter>
    </ClCompile>
    <ClCompile Include="..\DAL\source\UBroadcomParser.cpp">
      <Filter>Source Files</Filter>
    </ClCompile>
    <ClCompile Include="..\DAL\source\UBufferParser.cpp">
      <Filter>Source Files</Filter>
    </ClCompile>
    <ClCompile Include="source\UCommonFunctions.cpp">
      <Filter>Source Files</Filter>
    </ClCompile>
    <ClCompile Include="..\common\source\UCommonUtils.cpp">
      <Filter>Source Files</Filter>
    </ClCompile>
    <ClCompile Include="..\DAL\source\uconn_Altair_DAL.cpp">
      <Filter>Source Files</Filter>
    </ClCompile>
    <ClCompile Include="..\DAL\source\uconn_AT_DAL.cpp">
      <Filter>Source Files</Filter>
    </ClCompile>
    <ClCompile Include="..\DAL\source\uconn_ATHandler.cpp">
      <Filter>Source Files</Filter>
    </ClCompile>
    <ClCompile Include="..\DAL\source\uconn_Broadcom_DAL.cpp">
      <Filter>Source Files</Filter>
    </ClCompile>
    <ClCompile Include="source\uconn_ConnectedState.cpp">
      <Filter>Source Files</Filter>
    </ClCompile>
    <ClCompile Include="source\uconn_ConnectingState.cpp">
      <Filter>Source Files</Filter>
    </ClCompile>
    <ClCompile Include="source\uconn_DisabledState.cpp">
      <Filter>Source Files</Filter>
    </ClCompile>
    <ClCompile Include="source\uconn_DisconnectingState.cpp">
      <Filter>Source Files</Filter>
    </ClCompile>
    <ClCompile Include="source\uconn_EnabledState.cpp">
      <Filter>Source Files</Filter>
    </ClCompile>
    <ClCompile Include="..\DAL\source\uconn_Huawei_Dal.cpp">
      <Filter>Source Files</Filter>
    </ClCompile>
    <ClCompile Include="source\uconn_IdleState.cpp">
      <Filter>Source Files</Filter>
    </ClCompile>
    <ClCompile Include="..\OSAL\source\uconn_OSAL.cpp">
      <Filter>Source Files</Filter>
    </ClCompile>
    <ClCompile Include="source\uconn_SearchingState.cpp">
      <Filter>Source Files</Filter>
    </ClCompile>
    <ClCompile Include="source\uconn_server.cpp">
      <Filter>Source Files</Filter>
    </ClCompile>
    <ClCompile Include="source\uconn_ServerAPI.cpp">
      <Filter>Source Files</Filter>
    </ClCompile>
    <ClCompile Include="source\uconn_StateMachine.cpp">
      <Filter>Source Files</Filter>
    </ClCompile>
    <ClCompile Include="..\DAL\source\UHuawei4GParser.cpp">
      <Filter>Source Files</Filter>
    </ClCompile>
    <ClCompile Include="..\common\source\ULog.cpp">
      <Filter>Source Files</Filter>
    </ClCompile>
    <ClCompile Include="..\OSAL\source\USrPortCommUsage.cpp">
      <Filter>Source Files</Filter>
    </ClCompile>
    <ClCompile Include="source\UStateMachine.cpp">
      <Filter>Source Files</Filter>
    </ClCompile>
    <ClCompile Include="..\devices\device_emulator\source\UThreeGSimulator.cpp">
      <Filter>Source Files</Filter>
    </ClCompile>
    <ClCompile Include="..\OSAL\source\uWlanHlpr.cpp">
      <Filter>Source Files</Filter>
    </ClCompile>
    <ClCompile Include="..\OSAL\source\uWlanUtils.cpp">
      <Filter>Source Files</Filter>
    </ClCompile>
    <ClCompile Include="..\NetworkManager\source\WiFi_NM.cpp">
      <Filter>Source Files</Filter>
    </ClCompile>
    <ClCompile Include="source\XMLParser.cpp">
      <Filter>Source Files</Filter>
    </ClCompile>
    <ClCompile Include="..\devices\device_emulator\source\UEmulateSerialPort.cpp">
      <Filter>Source Files\emulator</Filter>
    </ClCompile>
    <ClCompile Include="..\devices\device_emulator\source\UEmulator.cpp">
      <Filter>Source Files\emulator</Filter>
    </ClCompile>
  </ItemGroup>
  <ItemGroup>
    <ClInclude Include="include\XMLParser.h">
      <Filter>Source Files</Filter>
    </ClInclude>
    <ClInclude Include="..\CMsocketservice\include\UClientProcess.h">
      <Filter>Source Files\Header Files</Filter>
    </ClInclude>
    <ClInclude Include="..\CMsocketservice\include\uconn_clientcommon.h">
      <Filter>Source Files\Header Files</Filter>
    </ClInclude>
    <ClInclude Include="..\devices\broadcom\apr_capiDefs.h">
      <Filter>Header Files</Filter>
    </ClInclude>
    <ClInclude Include="include\BearerManager.h">
      <Filter>Header Files</Filter>
    </ClInclude>
    <ClInclude Include="..\NetworkManager\include\Ether_NM.h">
      <Filter>Header Files</Filter>
    </ClInclude>
    <ClInclude Include="..\NetworkManager\include\LTE_NM.h">
      <Filter>Header Files</Filter>
    </ClInclude>
    <ClInclude Include="..\NetworkManager\include\NetworkManager.h">
      <Filter>Header Files</Filter>
    </ClInclude>
    <ClInclude Include="include\targetver.h">
      <Filter>Header Files</Filter>
    </ClInclude>
    <ClInclude Include="..\DAL\include\Three_g_dal.h">
      <Filter>Header Files</Filter>
    </ClInclude>
    <ClInclude Include="..\NetworkManager\include\ThreeG_NM.h">
      <Filter>Header Files</Filter>
    </ClInclude>
    <ClInclude Include="..\DAL\include\ThreeGParser.h">
      <Filter>Header Files</Filter>
    </ClInclude>
    <ClInclude Include="..\DAL\include\UAltairParser.h">
      <Filter>Header Files</Filter>
    </ClInclude>
    <ClInclude Include="..\DAL\include\UBroadcomParser.h">
      <Filter>Header Files</Filter>
    </ClInclude>
    <ClInclude Include="..\DAL\include\UBufferParser.h">
      <Filter>Header Files</Filter>
    </ClInclude>
    <ClInclude Include="..\common\include\UCommonUtils.h">
      <Filter>Header Files</Filter>
    </ClInclude>
    <ClInclude Include="..\DAL\include\uconn_Altair_DAL.h">
      <Filter>Header Files</Filter>
    </ClInclude>
    <ClInclude Include="..\devices\broadcom\include\uconn_Altair_Stats.h">
      <Filter>Header Files</Filter>
    </ClInclude>
    <ClInclude Include="..\DAL\include\uconn_AT_DAL.h">
      <Filter>Header Files</Filter>
    </ClInclude>
    <ClInclude Include="..\DAL\include\uconn_ATHandler.h">
      <Filter>Header Files</Filter>
    </ClInclude>
    <ClInclude Include="..\DAL\include\uconn_Broadcom_DAL.h">
      <Filter>Header Files</Filter>
    </ClInclude>
    <ClInclude Include="..\devices\broadcom\include\uconn_Broadcom_Stats.h">
      <Filter>Header Files</Filter>
    </ClInclude>
    <ClInclude Include="..\common\include\uconn_Config.h">
      <Filter>Header Files</Filter>
    </ClInclude>
    <ClInclude Include="include\uconn_ConnectedEvent.h">
      <Filter>Header Files</Filter>
    </ClInclude>
    <ClInclude Include="include\uconn_ConnectedState.h">
      <Filter>Header Files</Filter>
    </ClInclude>
    <ClInclude Include="include\uconn_ConnectingEvent.h">
      <Filter>Header Files</Filter>
    </ClInclude>
    <ClInclude Include="include\uconn_ConnectingState.h">
      <Filter>Header Files</Filter>
    </ClInclude>
    <ClInclude Include="..\DAL\include\uconn_DAL.h">
      <Filter>Header Files</Filter>
    </ClInclude>
    <ClInclude Include="include\uconn_DisabledState.h">
      <Filter>Header Files</Filter>
    </ClInclude>
    <ClInclude Include="include\uconn_DisconnectingEvent.h">
      <Filter>Header Files</Filter>
    </ClInclude>
    <ClInclude Include="include\uconn_DisconnectingState.h">
      <Filter>Header Files</Filter>
    </ClInclude>
    <ClInclude Include="include\uconn_EnabledState.h">
      <Filter>Header Files</Filter>
    </ClInclude>
    <ClInclude Include="..\common\include\uconn_Event.h">
      <Filter>Header Files</Filter>
    </ClInclude>
    <ClInclude Include="include\uconn_IdleEvent.h">
      <Filter>Header Files</Filter>
    </ClInclude>
    <ClInclude Include="include\uconn_IdleState.h">
      <Filter>Header Files</Filter>
    </ClInclude>
    <ClInclude Include="..\OSAL\include\uconn_OSAL.h">
      <Filter>Header Files</Filter>
    </ClInclude>
    <ClInclude Include="include\uconn_SearchEvent.h">
      <Filter>Header Files</Filter>
    </ClInclude>
    <ClInclude Include="include\uconn_SearchingState.h">
      <Filter>Header Files</Filter>
    </ClInclude>
    <ClInclude Include="include\uconn_server.h">
      <Filter>Header Files</Filter>
    </ClInclude>
    <ClInclude Include="include\uconn_ServerAPI.h">
      <Filter>Header Files</Filter>
    </ClInclude>
    <ClInclude Include="..\common\include\uconn_sockComm.h">
      <Filter>Header Files</Filter>
    </ClInclude>
    <ClInclude Include="include\uconn_StateMachine.h">
      <Filter>Header Files</Filter>
    </ClInclude>
    <ClInclude Include="..\DAL\include\UHuawei4GParser.h">
      <Filter>Header Files</Filter>
    </ClInclude>
    <ClInclude Include="..\DAL\include\UHuaweiDal.h">
      <Filter>Header Files</Filter>
    </ClInclude>
    <ClInclude Include="..\common\include\ULog.h">
      <Filter>Header Files</Filter>
    </ClInclude>
    <ClInclude Include="include\UState.h">
      <Filter>Header Files</Filter>
    </ClInclude>
    <ClInclude Include="include\UStateMachine.h">
      <Filter>Header Files</Filter>
    </ClInclude>
    <ClInclude Include="..\common\include\UTypes.h">
      <Filter>Header Files</Filter>
    </ClInclude>
    <ClInclude Include="..\WiFiBearer\include\UWlan.h">
      <Filter>Header Files</Filter>
    </ClInclude>
    <ClInclude Include="..\OSAL\include\uWlanHlpr.h">
      <Filter>Header Files</Filter>
    </ClInclude>
    <ClInclude Include="..\OSAL\include\uWlanUtils.h">
      <Filter>Header Files</Filter>
    </ClInclude>
    <ClInclude Include="..\NetworkManager\include\WiFi_NM.h">
      <Filter>Header Files</Filter>
    </ClInclude>
    <ClInclude Include="..\devices\device_emulator\include\UEmulateSerialPort.h">
      <Filter>Header Files\emulator</Filter>
    </ClInclude>
    <ClInclude Include="..\devices\device_emulator\include\UEmulator.h">
      <Filter>Header Files\emulator</Filter>
    </ClInclude>
  </ItemGroup>
  <ItemGroup>
    <None Include="ClassDiagram1.cd" />
  </ItemGroup>
  <ItemGroup>
    <Text Include="ReadMe.txt" />
  </ItemGroup>
</Project>